
Microsoft Visual Studio Solution File, Format Version 12.00
# Visual Studio 2013
VisualStudioVersion = 12.0.40629.0
MinimumVisualStudioVersion = 10.0.40219.1
Project("{FAE04EC0-301F-11D3-BF4B-00C04F79EFBC}") = "SOAPServices", "SOAPServices\SOAPServices.csproj", "{FAF1C590-2D62-41CD-B277-B3814AB1F389}"
EndProject
Project("{2150E333-8FDC-42A3-9474-1A3956D46DE8}") = "Librerias", "Librerias", "{C01BE1AB-5335-4805-A5D8-8948D1C43B74}"
	ProjectSection(SolutionItems) = preProject
		Librerias\Iesi.Collections.dll = Librerias\Iesi.Collections.dll
		Librerias\NHibernate.dll = Librerias\NHibernate.dll
	EndProjectSection
EndProject
Global
	GlobalSection(SolutionConfigurationPlatforms) = preSolution
		Debug|Any CPU = Debug|Any CPU
		Release|Any CPU = Release|Any CPU
	EndGlobalSection
	GlobalSection(ProjectConfigurationPlatforms) = postSolution
		{FAF1C590-2D62-41CD-B277-B3814AB1F389}.Debug|Any CPU.ActiveCfg = Debug|Any CPU
		{FAF1C590-2D62-41CD-B277-B3814AB1F389}.Debug|Any CPU.Build.0 = Debug|Any CPU
		{FAF1C590-2D62-41CD-B277-B3814AB1F389}.Release|Any CPU.ActiveCfg = Release|Any CPU
		{FAF1C590-2D62-41CD-B277-B3814AB1F389}.Release|Any CPU.Build.0 = Release|Any CPU
	EndGlobalSection
	GlobalSection(SolutionProperties) = preSolution
		HideSolutionNode = FALSE
	EndGlobalSection
EndGlobal
